{
  "originHash" : "4fae4db30c69126669bfe2295642f3be5274fd2584528c14e15b6eaed5918e83",
  "pins" : [
    {
      "identity" : "dsstore",
      "kind" : "remoteSourceControl",
      "location" : "https://github.com/velocityzen/DSStore",
      "state" : {
        "revision" : "7ef7b8cc996c03182ed0e146bc5767a108574bd2",
        "version" : "1.0.0"
      }
    },
    {
      "identity" : "fp-swift",
      "kind" : "remoteSourceControl",
      "location" : "https://github.com/velocityzen/fp-swift",
      "state" : {
        "revision" : "06bf12a27606f7e21e31cd042097899c099cd2a4",
        "version" : "1.5.0"
      }
    },
    {
      "identity" : "swift-argument-parser",
      "kind" : "remoteSourceControl",
      "location" : "https://github.com/apple/swift-argument-parser.git",
      "state" : {
        "revision" : "cdd0ef3755280949551dc26dee5de9ddeda89f54",
        "version" : "1.6.2"
      }
    },
    {
      "identity" : "swift-cmark",
      "kind" : "remoteSourceControl",
      "location" : "https://github.com/swiftlang/swift-cmark.git",
      "state" : {
        "revision" : "5d9bdaa4228b381639fff09403e39a04926e2dbe",
        "version" : "0.7.1"
      }
    },
    {
      "identity" : "swift-markdown",
      "kind" : "remoteSourceControl",
      "location" : "https://github.com/swiftlang/swift-markdown.git",
      "state" : {
        "revision" : "7d9a5ce307528578dfa777d505496bd5f544ad94",
        "version" : "0.7.3"
      }
    },
    {
      "identity" : "swift-subprocess",
      "kind" : "remoteSourceControl",
      "location" : "https://github.com/swiftlang/swift-subprocess.git",
      "state" : {
        "revision" : "44922dfe46380cd354ca4b0208e717a3e92b13dd",
        "version" : "0.2.1"
      }
    },
    {
      "identity" : "swift-system",
      "kind" : "remoteSourceControl",
      "location" : "https://github.com/apple/swift-system",
      "state" : {
        "revision" : "395a77f0aa927f0ff73941d7ac35f2b46d47c9db",
        "version" : "1.6.3"
      }
    }
  ],
  "version" : 3
}
